# This file is automatically @generated by Cargo.
# It is not intended for manual editing.
[[package]]
name = "autocfg"
version = "1.0.0"
source = "registry+https://github.com/rust-lang/crates.io-index"
checksum = "f8aac770f1885fd7e387acedd76065302551364496e46b3dd00860b2f8359b9d"

[[package]]
name = "envmnt"
version = "0.8.2"
source = "registry+https://github.com/rust-lang/crates.io-index"
checksum = "5fba7e7d8c007e12db7b3bd6f04b8e47e206c9173d9c75413a042ccc941723c8"
dependencies = [
 "fsio",
 "indexmap",
]

[[package]]
name = "fsio"
version = "0.1.2"
source = "registry+https://github.com/rust-lang/crates.io-index"
checksum = "2131cb03096f67334dfba2f0bc46afc5564b08a919d042c6e217e2665741fc54"

[[package]]
name = "indexmap"
version = "1.4.0"
source = "registry+https://github.com/rust-lang/crates.io-index"
checksum = "c398b2b113b55809ceb9ee3e753fcbac793f1956663f3c36549c1346015c2afe"
dependencies = [
 "autocfg",
]

[[package]]
name = "monitors_rust"
version = "0.1.0"
dependencies = [
 "envmnt",
]
